{
    "name": "@kirinriki/example",
    "version": "0.0.0",
    "lockfileVersion": 3,
    "requires": true,
    "packages": {
        "": {
            "name": "@kirinriki/example",
            "version": "0.0.0",
            "dependencies": {
                "@hono/node-server": "^2.1.1",
                "@vecmat/kirinriki": "file:..",
                "hono": "^4.13.9",
                "reflect-metadata": "^0.2.2",
                "zod": "^4.6.5"
            },
            "devDependencies": {
                "@types/node": "^26.6.2",
                "@types/reflect-metadata": "^0.0.5",
                "typescript": "^7.0.2"
            }
        },
        "..": {
            "name": "@vecmat/kirinriki",
            "version": "1.0.1",
            "license": "ISC",
            "workspaces": [
                "./example"
            ],
            "dependencies": {
                "hono": "^4.13.9",
                "reflect-metadata": "^0.2.2",
                "zod": "^4.6.5"
            },
            "devDependencies": {
                "@hono/node-server": "^2.1.1",
                "@types/node": "^26.6.2",
                "@types/reflect-metadata": "^0.0.5",
                "ts-node": "^10.9.2",
                "typescript": "^7.0.2"
            }
        },
        "../node_modules/.deno/@hono+node-server@2.1.1/node_modules/@hono/node-server": {
            "version": "2.1.1",
            "license": "MIT",
            "devDependencies": {
                "@hono/eslint-config": "^1.0.1",
                "@types/node": "^20.10.0",
                "@types/ws": "^8.18.1",
                "@whatwg-node/fetch": "^0.9.14",
                "eslint": "^9.10.0",
                "hono": "^4.12.8",
                "np": "^11.2.1",
                "prettier": "^3.2.4",
                "publint": "^0.3.18",
                "tsdown": "^0.20.3",
                "typescript": "^5.3.2",
                "vitest": "^4.0.18",
                "ws": "^8.19.0"
            },
            "engines": {
                "node": ">=20"
            },
            "peerDependencies": {
                "hono": "^4"
            }
        },
        "../node_modules/.deno/@types+node@26.6.3/node_modules/@types/node": {
            "version": "26.6.3",
            "dev": true,
            "license": "MIT",
            "dependencies": {
                "undici-types": "~8.9.0"
            }
        },
        "../node_modules/.deno/@types+reflect-metadata@0.0.5/node_modules/@types/reflect-metadata": {
            "version": "0.0.5",
            "dev": true,
            "license": "MIT"
        },
        "../node_modules/.deno/hono@4.13.9/node_modules/hono": {
            "version": "4.13.9",
            "license": "MIT",
            "devDependencies": {
                "@hono/eslint-config": "^2.1.1",
                "@hono/node-server": "^2.0.12",
                "@types/jsdom": "^21.1.7",
                "@types/node": "^24.3.0",
                "@types/ws": "^8.18.1",
                "@typescript/native-preview": "7.0.0-dev.20260210.1",
                "@vitest/coverage-v8": "^4.1.7",
                "bun-types": "^1.2.20",
                "editorconfig-checker": "6.2.0",
                "esbuild": "^0.27.1",
                "eslint": "^9.39.3",
                "jsdom": "22.1.0",
                "msw": "^2.6.0",
                "np": "11.2.1",
                "oxc-parser": "^0.96.0",
                "pkg-pr-new": "^0.0.53",
                "prettier": "3.7.4",
                "publint": "0.3.15",
                "typescript": "^6.0.3",
                "vite-plugin-fastly-js-compute": "^0.4.2",
                "vitest": "^4.1.9",
                "wrangler": "4.107.0",
                "ws": "^8.21.0",
                "zod": "^3.23.8"
            },
            "engines": {
                "node": ">=16.9.0"
            }
        },
        "../node_modules/.deno/reflect-metadata@0.2.2/node_modules/reflect-metadata": {
            "version": "0.2.2",
            "license": "Apache-2.0",
            "devDependencies": {
                "@types/chai": "^3.4.34",
                "@types/mocha": "^2.2.34",
                "@types/node": "^10.17.60",
                "chai": "^3.5.0",
                "del": "^2.2.2",
                "ecmarkup": "^3.9.3",
                "gulp": "^3.9.1",
                "gulp-emu": "^1.1.0",
                "gulp-live-server": "0.0.30",
                "gulp-mocha": "^3.0.1",
                "gulp-rename": "^1.2.2",
                "gulp-sequence": "^0.4.6",
                "gulp-tsb": "^2.0.3",
                "mocha": "^3.2.0",
                "typescript": "^2.1.4"
            }
        },
        "../node_modules/.deno/typescript@7.0.2/node_modules/typescript": {
            "version": "7.0.2",
            "dev": true,
            "license": "Apache-2.0",
            "bin": {
                "tsc": "bin/tsc"
            },
            "engines": {
                "node": ">=16.20.0"
            },
            "optionalDependencies": {
                "@typescript/typescript-aix-ppc64": "7.0.2",
                "@typescript/typescript-darwin-arm64": "7.0.2",
                "@typescript/typescript-darwin-x64": "7.0.2",
                "@typescript/typescript-freebsd-arm64": "7.0.2",
                "@typescript/typescript-freebsd-x64": "7.0.2",
                "@typescript/typescript-linux-arm": "7.0.2",
                "@typescript/typescript-linux-arm64": "7.0.2",
                "@typescript/typescript-linux-loong64": "7.0.2",
                "@typescript/typescript-linux-mips64el": "7.0.2",
                "@typescript/typescript-linux-ppc64": "7.0.2",
                "@typescript/typescript-linux-riscv64": "7.0.2",
                "@typescript/typescript-linux-s390x": "7.0.2",
                "@typescript/typescript-linux-x64": "7.0.2",
                "@typescript/typescript-netbsd-arm64": "7.0.2",
                "@typescript/typescript-netbsd-x64": "7.0.2",
                "@typescript/typescript-openbsd-arm64": "7.0.2",
                "@typescript/typescript-openbsd-x64": "7.0.2",
                "@typescript/typescript-sunos-x64": "7.0.2",
                "@typescript/typescript-win32-arm64": "7.0.2",
                "@typescript/typescript-win32-x64": "7.0.2"
            }
        },
        "../node_modules/.deno/zod@4.6.5/node_modules/zod": {
            "version": "4.6.5",
            "license": "MIT",
            "funding": {
                "url": "https://github.com/sponsors/colinhacks"
            }
        },
        "node_modules/@hono/node-server": {
            "resolved": "../node_modules/.deno/@hono+node-server@2.1.1/node_modules/@hono/node-server",
            "link": true
        },
        "node_modules/@types/node": {
            "resolved": "../node_modules/.deno/@types+node@26.6.3/node_modules/@types/node",
            "link": true
        },
        "node_modules/@types/reflect-metadata": {
            "resolved": "../node_modules/.deno/@types+reflect-metadata@0.0.5/node_modules/@types/reflect-metadata",
            "link": true
        },
        "node_modules/@vecmat/kirinriki": {
            "resolved": "..",
            "link": true
        },
        "node_modules/hono": {
            "resolved": "../node_modules/.deno/hono@4.13.9/node_modules/hono",
            "link": true
        },
        "node_modules/reflect-metadata": {
            "resolved": "../node_modules/.deno/reflect-metadata@0.2.2/node_modules/reflect-metadata",
            "link": true
        },
        "node_modules/typescript": {
            "resolved": "../node_modules/.deno/typescript@7.0.2/node_modules/typescript",
            "link": true
        },
        "node_modules/zod": {
            "resolved": "../node_modules/.deno/zod@4.6.5/node_modules/zod",
            "link": true
        }
    }
}
